
Microsoft Visual Studio Solution File, Format Version 12.00
# Visual Studio 15
VisualStudioVersion = 15.0.27004.2006
MinimumVisualStudioVersion = 10.0.40219.1
Project("{8BC9CEB8-8B4A-11D0-8D11-00A0C91BC942}") = "chap8", "chap8\chap8.vcxproj", "{35C7894F-6FFD-4738-9E11-F97BC67681D9}"
EndProject
Project("{8BC9CEB8-8B4A-11D0-8D11-00A0C91BC942}") = "chap9", "chap9\chap9.vcxproj", "{72B3050A-E643-4FE0-B4CE-C5C82BBF718B}"
EndProject
Project("{8BC9CEB8-8B4A-11D0-8D11-00A0C91BC942}") = "chap10", "chap10\chap10.vcxproj", "{9ECF6E7D-5766-438F-9C5A-1A849E83B95A}"
EndProject
Global
	GlobalSection(SolutionConfigurationPlatforms) = preSolution
		Debug|x64 = Debug|x64
		Debug|x86 = Debug|x86
		Release|x64 = Release|x64
		Release|x86 = Release|x86
	EndGlobalSection
	GlobalSection(ProjectConfigurationPlatforms) = postSolution
		{35C7894F-6FFD-4738-9E11-F97BC67681D9}.Debug|x64.ActiveCfg = Debug|x64
		{35C7894F-6FFD-4738-9E11-F97BC67681D9}.Debug|x64.Build.0 = Debug|x64
		{35C7894F-6FFD-4738-9E11-F97BC67681D9}.Debug|x86.ActiveCfg = Debug|Win32
		{35C7894F-6FFD-4738-9E11-F97BC67681D9}.Debug|x86.Build.0 = Debug|Win32
		{35C7894F-6FFD-4738-9E11-F97BC67681D9}.Release|x64.ActiveCfg = Release|x64
		{35C7894F-6FFD-4738-9E11-F97BC67681D9}.Release|x64.Build.0 = Release|x64
		{35C7894F-6FFD-4738-9E11-F97BC67681D9}.Release|x86.ActiveCfg = Release|Win32
		{35C7894F-6FFD-4738-9E11-F97BC67681D9}.Release|x86.Build.0 = Release|Win32
		{72B3050A-E643-4FE0-B4CE-C5C82BBF718B}.Debug|x64.ActiveCfg = Debug|x64
		{72B3050A-E643-4FE0-B4CE-C5C82BBF718B}.Debug|x64.Build.0 = Debug|x64
		{72B3050A-E643-4FE0-B4CE-C5C82BBF718B}.Debug|x86.ActiveCfg = Debug|Win32
		{72B3050A-E643-4FE0-B4CE-C5C82BBF718B}.Debug|x86.Build.0 = Debug|Win32
		{72B3050A-E643-4FE0-B4CE-C5C82BBF718B}.Release|x64.ActiveCfg = Release|x64
		{72B3050A-E643-4FE0-B4CE-C5C82BBF718B}.Release|x64.Build.0 = Release|x64
		{72B3050A-E643-4FE0-B4CE-C5C82BBF718B}.Release|x86.ActiveCfg = Release|Win32
		{72B3050A-E643-4FE0-B4CE-C5C82BBF718B}.Release|x86.Build.0 = Release|Win32
		{9ECF6E7D-5766-438F-9C5A-1A849E83B95A}.Debug|x64.ActiveCfg = Debug|x64
		{9ECF6E7D-5766-438F-9C5A-1A849E83B95A}.Debug|x64.Build.0 = Debug|x64
		{9ECF6E7D-5766-438F-9C5A-1A849E83B95A}.Debug|x86.ActiveCfg = Debug|Win32
		{9ECF6E7D-5766-438F-9C5A-1A849E83B95A}.Debug|x86.Build.0 = Debug|Win32
		{9ECF6E7D-5766-438F-9C5A-1A849E83B95A}.Release|x64.ActiveCfg = Release|x64
		{9ECF6E7D-5766-438F-9C5A-1A849E83B95A}.Release|x64.Build.0 = Release|x64
		{9ECF6E7D-5766-438F-9C5A-1A849E83B95A}.Release|x86.ActiveCfg = Release|Win32
		{9ECF6E7D-5766-438F-9C5A-1A849E83B95A}.Release|x86.Build.0 = Release|Win32
	EndGlobalSection
	GlobalSection(SolutionProperties) = preSolution
		HideSolutionNode = FALSE
	EndGlobalSection
	GlobalSection(ExtensibilityGlobals) = postSolution
		SolutionGuid = {E0F44589-E78E-4458-9834-182ECC67BD6B}
	EndGlobalSection
EndGlobal
